
Microsoft Visual Studio Solution File, Format Version 12.00
# Visual Studio Version 17
VisualStudioVersion = 17.0.31912.275
MinimumVisualStudioVersion = 10.0.40219.1
Project("{9A19103F-16F7-4668-BE54-9A1E7A4F7556}") = "RestApi", "RestApi.csproj", "{374177FA-8618-4287-BD54-8BB457038D2A}"
EndProject
Global
	GlobalSection(SolutionConfigurationPlatforms) = preSolution
		Debug|Any CPU = Debug|Any CPU
		Release|Any CPU = Release|Any CPU
	EndGlobalSection
	GlobalSection(ProjectConfigurationPlatforms) = postSolution
		{374177FA-8618-4287-BD54-8BB457038D2A}.Debug|Any CPU.ActiveCfg = Debug|Any CPU
		{374177FA-8618-4287-BD54-8BB457038D2A}.Debug|Any CPU.Build.0 = Debug|Any CPU
		{374177FA-8618-4287-BD54-8BB457038D2A}.Release|Any CPU.ActiveCfg = Release|Any CPU
		{374177FA-8618-4287-BD54-8BB457038D2A}.Release|Any CPU.Build.0 = Release|Any CPU
	EndGlobalSection
	GlobalSection(SolutionProperties) = preSolution
		HideSolutionNode = FALSE
	EndGlobalSection
	GlobalSection(ExtensibilityGlobals) = postSolution
		SolutionGuid = {7126185B-F00F-4F2A-8954-DA06D2CB46B0}
	EndGlobalSection
EndGlobal
